// !$*UTF8*$!
{
	archiveVersion = 1;
	classes = {
	};
	objectVersion = 46;
	objects = {

/* Begin PBXBuildFile section */
		C9E7F2851B567DF5001AB061 /* SignalKit.h in Headers */ = {isa = PBXBuildFile; fileRef = C9E7F2841B567DF5001AB061 /* SignalKit.h */; settings = {ATTRIBUTES = (Public, ); }; };
		C9E7F28B1B567DF5001AB061 /* SignalKit.framework in Frameworks */ = {isa = PBXBuildFile; fileRef = C9E7F27F1B567DF5001AB061 /* SignalKit.framework */; };
		C9E7F2AC1B5680E1001AB061 /* TokenGeneratorType.swift in Sources */ = {isa = PBXBuildFile; fileRef = C9E7F2AB1B5680E1001AB061 /* TokenGeneratorType.swift */; };
		C9E7F2AD1B5680E1001AB061 /* TokenGeneratorType.swift in Sources */ = {isa = PBXBuildFile; fileRef = C9E7F2AB1B5680E1001AB061 /* TokenGeneratorType.swift */; };
		C9E7F2AF1B568151001AB061 /* IncrementalKeyGenerator.swift in Sources */ = {isa = PBXBuildFile; fileRef = C9E7F2AE1B568151001AB061 /* IncrementalKeyGenerator.swift */; };
		C9E7F2B01B568151001AB061 /* IncrementalKeyGenerator.swift in Sources */ = {isa = PBXBuildFile; fileRef = C9E7F2AE1B568151001AB061 /* IncrementalKeyGenerator.swift */; };
		C9E7F2B21B56817C001AB061 /* IncrementalKeyGeneratorTests.swift in Sources */ = {isa = PBXBuildFile; fileRef = C9E7F2B11B56817C001AB061 /* IncrementalKeyGeneratorTests.swift */; };
		C9E7F2B41B5681DF001AB061 /* Bag.swift in Sources */ = {isa = PBXBuildFile; fileRef = C9E7F2B31B5681DF001AB061 /* Bag.swift */; };
		C9E7F2B51B5681DF001AB061 /* Bag.swift in Sources */ = {isa = PBXBuildFile; fileRef = C9E7F2B31B5681DF001AB061 /* Bag.swift */; };
		C9E7F2B71B5681F4001AB061 /* BagTests.swift in Sources */ = {isa = PBXBuildFile; fileRef = C9E7F2B61B5681F4001AB061 /* BagTests.swift */; };
		C9E7F2B91B56822F001AB061 /* Disposable.swift in Sources */ = {isa = PBXBuildFile; fileRef = C9E7F2B81B56822F001AB061 /* Disposable.swift */; };
		C9E7F2BA1B56822F001AB061 /* Disposable.swift in Sources */ = {isa = PBXBuildFile; fileRef = C9E7F2B81B56822F001AB061 /* Disposable.swift */; };
		C9E7F2BC1B568258001AB061 /* DisposableItem.swift in Sources */ = {isa = PBXBuildFile; fileRef = C9E7F2BB1B568258001AB061 /* DisposableItem.swift */; };
		C9E7F2BD1B568258001AB061 /* DisposableItem.swift in Sources */ = {isa = PBXBuildFile; fileRef = C9E7F2BB1B568258001AB061 /* DisposableItem.swift */; };
		C9E7F2BF1B56826F001AB061 /* DisposableItemTests.swift in Sources */ = {isa = PBXBuildFile; fileRef = C9E7F2BE1B56826F001AB061 /* DisposableItemTests.swift */; };
		C9E7F2C11B5682D4001AB061 /* Observable.swift in Sources */ = {isa = PBXBuildFile; fileRef = C9E7F2C01B5682D4001AB061 /* Observable.swift */; };
		C9E7F2C21B5682D4001AB061 /* Observable.swift in Sources */ = {isa = PBXBuildFile; fileRef = C9E7F2C01B5682D4001AB061 /* Observable.swift */; };
		C9E7F2C41B568312001AB061 /* ObservableOf.swift in Sources */ = {isa = PBXBuildFile; fileRef = C9E7F2C31B568312001AB061 /* ObservableOf.swift */; };
		C9E7F2C51B568312001AB061 /* ObservableOf.swift in Sources */ = {isa = PBXBuildFile; fileRef = C9E7F2C31B568312001AB061 /* ObservableOf.swift */; };
		C9E7F2C71B568320001AB061 /* ObservableOfTests.swift in Sources */ = {isa = PBXBuildFile; fileRef = C9E7F2C61B568320001AB061 /* ObservableOfTests.swift */; };
		C9E7F2C91B5683D2001AB061 /* LockType.swift in Sources */ = {isa = PBXBuildFile; fileRef = C9E7F2C81B5683D2001AB061 /* LockType.swift */; };
		C9E7F2CA1B5683D2001AB061 /* LockType.swift in Sources */ = {isa = PBXBuildFile; fileRef = C9E7F2C81B5683D2001AB061 /* LockType.swift */; };
		C9E7F2CC1B5683F9001AB061 /* SpinLock.swift in Sources */ = {isa = PBXBuildFile; fileRef = C9E7F2CB1B5683F9001AB061 /* SpinLock.swift */; };
		C9E7F2CD1B5683F9001AB061 /* SpinLock.swift in Sources */ = {isa = PBXBuildFile; fileRef = C9E7F2CB1B5683F9001AB061 /* SpinLock.swift */; };
/* End PBXBuildFile section */

/* Begin PBXContainerItemProxy section */
		C9E7F28C1B567DF5001AB061 /* PBXContainerItemProxy */ = {
			isa = PBXContainerItemProxy;
			containerPortal = C9E7F2761B567DF5001AB061 /* Project object */;
			proxyType = 1;
			remoteGlobalIDString = C9E7F27E1B567DF5001AB061;
			remoteInfo = SignalKit;
		};
/* End PBXContainerItemProxy section */

/* Begin PBXFileReference section */
		C9E7F27F1B567DF5001AB061 /* SignalKit.framework */ = {isa = PBXFileReference; explicitFileType = wrapper.framework; includeInIndex = 0; path = SignalKit.framework; sourceTree = BUILT_PRODUCTS_DIR; };
		C9E7F2831B567DF5001AB061 /* Info.plist */ = {isa = PBXFileReference; lastKnownFileType = text.plist.xml; path = Info.plist; sourceTree = "<group>"; };
		C9E7F2841B567DF5001AB061 /* SignalKit.h */ = {isa = PBXFileReference; lastKnownFileType = sourcecode.c.h; path = SignalKit.h; sourceTree = "<group>"; };
		C9E7F28A1B567DF5001AB061 /* SignalKitTests.xctest */ = {isa = PBXFileReference; explicitFileType = wrapper.cfbundle; includeInIndex = 0; path = SignalKitTests.xctest; sourceTree = BUILT_PRODUCTS_DIR; };
		C9E7F2901B567DF5001AB061 /* Info.plist */ = {isa = PBXFileReference; lastKnownFileType = text.plist.xml; path = Info.plist; sourceTree = "<group>"; };
		C9E7F29B1B567F3D001AB061 /* SignalKitTests-Bridging-Header.h */ = {isa = PBXFileReference; lastKnownFileType = sourcecode.c.h; path = "SignalKitTests-Bridging-Header.h"; sourceTree = "<group>"; };
		C9E7F2AB1B5680E1001AB061 /* TokenGeneratorType.swift */ = {isa = PBXFileReference; fileEncoding = 4; lastKnownFileType = sourcecode.swift; path = TokenGeneratorType.swift; sourceTree = "<group>"; };
		C9E7F2AE1B568151001AB061 /* IncrementalKeyGenerator.swift */ = {isa = PBXFileReference; fileEncoding = 4; lastKnownFileType = sourcecode.swift; path = IncrementalKeyGenerator.swift; sourceTree = "<group>"; };
		C9E7F2B11B56817C001AB061 /* IncrementalKeyGeneratorTests.swift */ = {isa = PBXFileReference; fileEncoding = 4; lastKnownFileType = sourcecode.swift; path = IncrementalKeyGeneratorTests.swift; sourceTree = "<group>"; };
		C9E7F2B31B5681DF001AB061 /* Bag.swift */ = {isa = PBXFileReference; fileEncoding = 4; lastKnownFileType = sourcecode.swift; path = Bag.swift; sourceTree = "<group>"; };
		C9E7F2B61B5681F4001AB061 /* BagTests.swift */ = {isa = PBXFileReference; fileEncoding = 4; lastKnownFileType = sourcecode.swift; path = BagTests.swift; sourceTree = "<group>"; };
		C9E7F2B81B56822F001AB061 /* Disposable.swift */ = {isa = PBXFileReference; fileEncoding = 4; lastKnownFileType = sourcecode.swift; path = Disposable.swift; sourceTree = "<group>"; };
		C9E7F2BB1B568258001AB061 /* DisposableItem.swift */ = {isa = PBXFileReference; fileEncoding = 4; lastKnownFileType = sourcecode.swift; path = DisposableItem.swift; sourceTree = "<group>"; };
		C9E7F2BE1B56826F001AB061 /* DisposableItemTests.swift */ = {isa = PBXFileReference; fileEncoding = 4; lastKnownFileType = sourcecode.swift; path = DisposableItemTests.swift; sourceTree = "<group>"; };
		C9E7F2C01B5682D4001AB061 /* Observable.swift */ = {isa = PBXFileReference; fileEncoding = 4; lastKnownFileType = sourcecode.swift; path = Observable.swift; sourceTree = "<group>"; };
		C9E7F2C31B568312001AB061 /* ObservableOf.swift */ = {isa = PBXFileReference; fileEncoding = 4; lastKnownFileType = sourcecode.swift; path = ObservableOf.swift; sourceTree = "<group>"; };
		C9E7F2C61B568320001AB061 /* ObservableOfTests.swift */ = {isa = PBXFileReference; fileEncoding = 4; lastKnownFileType = sourcecode.swift; path = ObservableOfTests.swift; sourceTree = "<group>"; };
		C9E7F2C81B5683D2001AB061 /* LockType.swift */ = {isa = PBXFileReference; fileEncoding = 4; lastKnownFileType = sourcecode.swift; path = LockType.swift; sourceTree = "<group>"; };
		C9E7F2CB1B5683F9001AB061 /* SpinLock.swift */ = {isa = PBXFileReference; fileEncoding = 4; lastKnownFileType = sourcecode.swift; path = SpinLock.swift; sourceTree = "<group>"; };
/* End PBXFileReference section */

/* Begin PBXFrameworksBuildPhase section */
		C9E7F27B1B567DF5001AB061 /* Frameworks */ = {
			isa = PBXFrameworksBuildPhase;
			buildActionMask = 2147483647;
			files = (
			);
			runOnlyForDeploymentPostprocessing = 0;
		};
		C9E7F2871B567DF5001AB061 /* Frameworks */ = {
			isa = PBXFrameworksBuildPhase;
			buildActionMask = 2147483647;
			files = (
				C9E7F28B1B567DF5001AB061 /* SignalKit.framework in Frameworks */,
			);
			runOnlyForDeploymentPostprocessing = 0;
		};
/* End PBXFrameworksBuildPhase section */

/* Begin PBXGroup section */
		C9E7F2751B567DF5001AB061 = {
			isa = PBXGroup;
			children = (
				C9E7F2811B567DF5001AB061 /* SignalKit */,
				C9E7F28E1B567DF5001AB061 /* SignalKitTests */,
				C9E7F2801B567DF5001AB061 /* Products */,
			);
			sourceTree = "<group>";
		};
		C9E7F2801B567DF5001AB061 /* Products */ = {
			isa = PBXGroup;
			children = (
				C9E7F27F1B567DF5001AB061 /* SignalKit.framework */,
				C9E7F28A1B567DF5001AB061 /* SignalKitTests.xctest */,
			);
			name = Products;
			sourceTree = "<group>";
		};
		C9E7F2811B567DF5001AB061 /* SignalKit */ = {
			isa = PBXGroup;
			children = (
				C9E7F2A81B567FE4001AB061 /* Protocols */,
				C9E7F2A61B567FE4001AB061 /* Observables */,
				C9E7F2A71B567FE4001AB061 /* Observers */,
				C9E7F2A91B567FE4001AB061 /* UIKit */,
				C9E7F2AA1B567FE4001AB061 /* Utilities */,
				C9E7F2821B567DF5001AB061 /* Supporting Files */,
			);
			path = SignalKit;
			sourceTree = "<group>";
		};
		C9E7F2821B567DF5001AB061 /* Supporting Files */ = {
			isa = PBXGroup;
			children = (
				C9E7F2841B567DF5001AB061 /* SignalKit.h */,
				C9E7F2831B567DF5001AB061 /* Info.plist */,
			);
			name = "Supporting Files";
			sourceTree = "<group>";
		};
		C9E7F28E1B567DF5001AB061 /* SignalKitTests */ = {
			isa = PBXGroup;
			children = (
				C9E7F2A21B567FD6001AB061 /* Observables */,
				C9E7F2A31B567FD6001AB061 /* Observers */,
				C9E7F2A41B567FD6001AB061 /* UIKit */,
				C9E7F2A51B567FD6001AB061 /* Utilities */,
				C9E7F28F1B567DF5001AB061 /* Supporting Files */,
			);
			path = SignalKitTests;
			sourceTree = "<group>";
		};
		C9E7F28F1B567DF5001AB061 /* Supporting Files */ = {
			isa = PBXGroup;
			children = (
				C9E7F2901B567DF5001AB061 /* Info.plist */,
				C9E7F29B1B567F3D001AB061 /* SignalKitTests-Bridging-Header.h */,
			);
			name = "Supporting Files";
			sourceTree = "<group>";
		};
		C9E7F2A21B567FD6001AB061 /* Observables */ = {
			isa = PBXGroup;
			children = (
				C9E7F2C61B568320001AB061 /* ObservableOfTests.swift */,
			);
			path = Observables;
			sourceTree = "<group>";
		};
		C9E7F2A31B567FD6001AB061 /* Observers */ = {
			isa = PBXGroup;
			children = (
			);
			path = Observers;
			sourceTree = "<group>";
		};
		C9E7F2A41B567FD6001AB061 /* UIKit */ = {
			isa = PBXGroup;
			children = (
			);
			path = UIKit;
			sourceTree = "<group>";
		};
		C9E7F2A51B567FD6001AB061 /* Utilities */ = {
			isa = PBXGroup;
			children = (
				C9E7F2B61B5681F4001AB061 /* BagTests.swift */,
				C9E7F2BE1B56826F001AB061 /* DisposableItemTests.swift */,
				C9E7F2B11B56817C001AB061 /* IncrementalKeyGeneratorTests.swift */,
			);
			path = Utilities;
			sourceTree = "<group>";
		};
		C9E7F2A61B567FE4001AB061 /* Observables */ = {
			isa = PBXGroup;
			children = (
				C9E7F2C31B568312001AB061 /* ObservableOf.swift */,
			);
			path = Observables;
			sourceTree = "<group>";
		};
		C9E7F2A71B567FE4001AB061 /* Observers */ = {
			isa = PBXGroup;
			children = (
			);
			path = Observers;
			sourceTree = "<group>";
		};
		C9E7F2A81B567FE4001AB061 /* Protocols */ = {
			isa = PBXGroup;
			children = (
				C9E7F2AB1B5680E1001AB061 /* TokenGeneratorType.swift */,
				C9E7F2B81B56822F001AB061 /* Disposable.swift */,
				C9E7F2C01B5682D4001AB061 /* Observable.swift */,
				C9E7F2C81B5683D2001AB061 /* LockType.swift */,
			);
			path = Protocols;
			sourceTree = "<group>";
		};
		C9E7F2A91B567FE4001AB061 /* UIKit */ = {
			isa = PBXGroup;
			children = (
			);
			path = UIKit;
			sourceTree = "<group>";
		};
		C9E7F2AA1B567FE4001AB061 /* Utilities */ = {
			isa = PBXGroup;
			children = (
				C9E7F2B31B5681DF001AB061 /* Bag.swift */,
				C9E7F2BB1B568258001AB061 /* DisposableItem.swift */,
				C9E7F2AE1B568151001AB061 /* IncrementalKeyGenerator.swift */,
				C9E7F2CB1B5683F9001AB061 /* SpinLock.swift */,
			);
			path = Utilities;
			sourceTree = "<group>";
		};
/* End PBXGroup section */

/* Begin PBXHeadersBuildPhase section */
		C9E7F27C1B567DF5001AB061 /* Headers */ = {
			isa = PBXHeadersBuildPhase;
			buildActionMask = 2147483647;
			files = (
				C9E7F2851B567DF5001AB061 /* SignalKit.h in Headers */,
			);
			runOnlyForDeploymentPostprocessing = 0;
		};
/* End PBXHeadersBuildPhase section */

/* Begin PBXNativeTarget section */
		C9E7F27E1B567DF5001AB061 /* SignalKit */ = {
			isa = PBXNativeTarget;
			buildConfigurationList = C9E7F2951B567DF5001AB061 /* Build configuration list for PBXNativeTarget "SignalKit" */;
			buildPhases = (
				C9E7F27A1B567DF5001AB061 /* Sources */,
				C9E7F27B1B567DF5001AB061 /* Frameworks */,
				C9E7F27C1B567DF5001AB061 /* Headers */,
				C9E7F27D1B567DF5001AB061 /* Resources */,
			);
			buildRules = (
			);
			dependencies = (
			);
			name = SignalKit;
			productName = SignalKit;
			productReference = C9E7F27F1B567DF5001AB061 /* SignalKit.framework */;
			productType = "com.apple.product-type.framework";
		};
		C9E7F2891B567DF5001AB061 /* SignalKitTests */ = {
			isa = PBXNativeTarget;
			buildConfigurationList = C9E7F2981B567DF5001AB061 /* Build configuration list for PBXNativeTarget "SignalKitTests" */;
			buildPhases = (
				C9E7F2861B567DF5001AB061 /* Sources */,
				C9E7F2871B567DF5001AB061 /* Frameworks */,
				C9E7F2881B567DF5001AB061 /* Resources */,
			);
			buildRules = (
			);
			dependencies = (
				C9E7F28D1B567DF5001AB061 /* PBXTargetDependency */,
			);
			name = SignalKitTests;
			productName = SignalKitTests;
			productReference = C9E7F28A1B567DF5001AB061 /* SignalKitTests.xctest */;
			productType = "com.apple.product-type.bundle.unit-test";
		};
/* End PBXNativeTarget section */

/* Begin PBXProject section */
		C9E7F2761B567DF5001AB061 /* Project object */ = {
			isa = PBXProject;
			attributes = {
				LastUpgradeCheck = 0640;
				ORGANIZATIONNAME = "Yanko Dimitrov";
				TargetAttributes = {
					C9E7F27E1B567DF5001AB061 = {
						CreatedOnToolsVersion = 6.4;
					};
					C9E7F2891B567DF5001AB061 = {
						CreatedOnToolsVersion = 6.4;
					};
				};
			};
			buildConfigurationList = C9E7F2791B567DF5001AB061 /* Build configuration list for PBXProject "SignalKit" */;
			compatibilityVersion = "Xcode 3.2";
			developmentRegion = English;
			hasScannedForEncodings = 0;
			knownRegions = (
				en,
			);
			mainGroup = C9E7F2751B567DF5001AB061;
			productRefGroup = C9E7F2801B567DF5001AB061 /* Products */;
			projectDirPath = "";
			projectRoot = "";
			targets = (
				C9E7F27E1B567DF5001AB061 /* SignalKit */,
				C9E7F2891B567DF5001AB061 /* SignalKitTests */,
			);
		};
/* End PBXProject section */

/* Begin PBXResourcesBuildPhase section */
		C9E7F27D1B567DF5001AB061 /* Resources */ = {
			isa = PBXResourcesBuildPhase;
			buildActionMask = 2147483647;
			files = (
			);
			runOnlyForDeploymentPostprocessing = 0;
		};
		C9E7F2881B567DF5001AB061 /* Resources */ = {
			isa = PBXResourcesBuildPhase;
			buildActionMask = 2147483647;
			files = (
			);
			runOnlyForDeploymentPostprocessing = 0;
		};
/* End PBXResourcesBuildPhase section */

/* Begin PBXSourcesBuildPhase section */
		C9E7F27A1B567DF5001AB061 /* Sources */ = {
			isa = PBXSourcesBuildPhase;
			buildActionMask = 2147483647;
			files = (
				C9E7F2CC1B5683F9001AB061 /* SpinLock.swift in Sources */,
				C9E7F2AF1B568151001AB061 /* IncrementalKeyGenerator.swift in Sources */,
				C9E7F2C41B568312001AB061 /* ObservableOf.swift in Sources */,
				C9E7F2B91B56822F001AB061 /* Disposable.swift in Sources */,
				C9E7F2B41B5681DF001AB061 /* Bag.swift in Sources */,
				C9E7F2C91B5683D2001AB061 /* LockType.swift in Sources */,
				C9E7F2AC1B5680E1001AB061 /* TokenGeneratorType.swift in Sources */,
				C9E7F2C11B5682D4001AB061 /* Observable.swift in Sources */,
				C9E7F2BC1B568258001AB061 /* DisposableItem.swift in Sources */,
			);
			runOnlyForDeploymentPostprocessing = 0;
		};
		C9E7F2861B567DF5001AB061 /* Sources */ = {
			isa = PBXSourcesBuildPhase;
			buildActionMask = 2147483647;
			files = (
				C9E7F2CA1B5683D2001AB061 /* LockType.swift in Sources */,
				C9E7F2B01B568151001AB061 /* IncrementalKeyGenerator.swift in Sources */,
				C9E7F2BA1B56822F001AB061 /* Disposable.swift in Sources */,
				C9E7F2BD1B568258001AB061 /* DisposableItem.swift in Sources */,
				C9E7F2AD1B5680E1001AB061 /* TokenGeneratorType.swift in Sources */,
				C9E7F2C21B5682D4001AB061 /* Observable.swift in Sources */,
				C9E7F2BF1B56826F001AB061 /* DisposableItemTests.swift in Sources */,
				C9E7F2B71B5681F4001AB061 /* BagTests.swift in Sources */,
				C9E7F2CD1B5683F9001AB061 /* SpinLock.swift in Sources */,
				C9E7F2B51B5681DF001AB061 /* Bag.swift in Sources */,
				C9E7F2B21B56817C001AB061 /* IncrementalKeyGeneratorTests.swift in Sources */,
				C9E7F2C51B568312001AB061 /* ObservableOf.swift in Sources */,
				C9E7F2C71B568320001AB061 /* ObservableOfTests.swift in Sources */,
			);
			runOnlyForDeploymentPostprocessing = 0;
		};
/* End PBXSourcesBuildPhase section */

/* Begin PBXTargetDependency section */
		C9E7F28D1B567DF5001AB061 /* PBXTargetDependency */ = {
			isa = PBXTargetDependency;
			target = C9E7F27E1B567DF5001AB061 /* SignalKit */;
			targetProxy = C9E7F28C1B567DF5001AB061 /* PBXContainerItemProxy */;
		};
/* End PBXTargetDependency section */

/* Begin XCBuildConfiguration section */
		C9E7F2931B567DF5001AB061 /* Debug */ = {
			isa = XCBuildConfiguration;
			buildSettings = {
				ALWAYS_SEARCH_USER_PATHS = NO;
				CLANG_CXX_LANGUAGE_STANDARD = "gnu++0x";
				CLANG_CXX_LIBRARY = "libc++";
				CLANG_ENABLE_MODULES = YES;
				CLANG_ENABLE_OBJC_ARC = YES;
				CLANG_WARN_BOOL_CONVERSION = YES;
				CLANG_WARN_CONSTANT_CONVERSION = YES;
				CLANG_WARN_DIRECT_OBJC_ISA_USAGE = YES_ERROR;
				CLANG_WARN_EMPTY_BODY = YES;
				CLANG_WARN_ENUM_CONVERSION = YES;
				CLANG_WARN_INT_CONVERSION = YES;
				CLANG_WARN_OBJC_ROOT_CLASS = YES_ERROR;
				CLANG_WARN_UNREACHABLE_CODE = YES;
				CLANG_WARN__DUPLICATE_METHOD_MATCH = YES;
				"CODE_SIGN_IDENTITY[sdk=iphoneos*]" = "iPhone Developer";
				COPY_PHASE_STRIP = NO;
				CURRENT_PROJECT_VERSION = 1;
				DEBUG_INFORMATION_FORMAT = "dwarf-with-dsym";
				ENABLE_STRICT_OBJC_MSGSEND = YES;
				GCC_C_LANGUAGE_STANDARD = gnu99;
				GCC_DYNAMIC_NO_PIC = NO;
				GCC_NO_COMMON_BLOCKS = YES;
				GCC_OPTIMIZATION_LEVEL = 0;
				GCC_PREPROCESSOR_DEFINITIONS = (
					"DEBUG=1",
					"$(inherited)",
				);
				GCC_SYMBOLS_PRIVATE_EXTERN = NO;
				GCC_WARN_64_TO_32_BIT_CONVERSION = YES;
				GCC_WARN_ABOUT_RETURN_TYPE = YES_ERROR;
				GCC_WARN_UNDECLARED_SELECTOR = YES;
				GCC_WARN_UNINITIALIZED_AUTOS = YES_AGGRESSIVE;
				GCC_WARN_UNUSED_FUNCTION = YES;
				GCC_WARN_UNUSED_VARIABLE = YES;
				IPHONEOS_DEPLOYMENT_TARGET = 8.0;
				MTL_ENABLE_DEBUG_INFO = YES;
				ONLY_ACTIVE_ARCH = YES;
				SDKROOT = iphoneos;
				SWIFT_OPTIMIZATION_LEVEL = "-Onone";
				TARGETED_DEVICE_FAMILY = "1,2";
				VERSIONING_SYSTEM = "apple-generic";
				VERSION_INFO_PREFIX = "";
			};
			name = Debug;
		};
		C9E7F2941B567DF5001AB061 /* Release */ = {
			isa = XCBuildConfiguration;
			buildSettings = {
				ALWAYS_SEARCH_USER_PATHS = NO;
				CLANG_CXX_LANGUAGE_STANDARD = "gnu++0x";
				CLANG_CXX_LIBRARY = "libc++";
				CLANG_ENABLE_MODULES = YES;
				CLANG_ENABLE_OBJC_ARC = YES;
				CLANG_WARN_BOOL_CONVERSION = YES;
				CLANG_WARN_CONSTANT_CONVERSION = YES;
				CLANG_WARN_DIRECT_OBJC_ISA_USAGE = YES_ERROR;
				CLANG_WARN_EMPTY_BODY = YES;
				CLANG_WARN_ENUM_CONVERSION = YES;
				CLANG_WARN_INT_CONVERSION = YES;
				CLANG_WARN_OBJC_ROOT_CLASS = YES_ERROR;
				CLANG_WARN_UNREACHABLE_CODE = YES;
				CLANG_WARN__DUPLICATE_METHOD_MATCH = YES;
				"CODE_SIGN_IDENTITY[sdk=iphoneos*]" = "iPhone Developer";
				COPY_PHASE_STRIP = NO;
				CURRENT_PROJECT_VERSION = 1;
				DEBUG_INFORMATION_FORMAT = "dwarf-with-dsym";
				ENABLE_NS_ASSERTIONS = NO;
				ENABLE_STRICT_OBJC_MSGSEND = YES;
				GCC_C_LANGUAGE_STANDARD = gnu99;
				GCC_NO_COMMON_BLOCKS = YES;
				GCC_WARN_64_TO_32_BIT_CONVERSION = YES;
				GCC_WARN_ABOUT_RETURN_TYPE = YES_ERROR;
				GCC_WARN_UNDECLARED_SELECTOR = YES;
				GCC_WARN_UNINITIALIZED_AUTOS = YES_AGGRESSIVE;
				GCC_WARN_UNUSED_FUNCTION = YES;
				GCC_WARN_UNUSED_VARIABLE = YES;
				IPHONEOS_DEPLOYMENT_TARGET = 8.0;
				MTL_ENABLE_DEBUG_INFO = NO;
				SDKROOT = iphoneos;
				TARGETED_DEVICE_FAMILY = "1,2";
				VALIDATE_PRODUCT = YES;
				VERSIONING_SYSTEM = "apple-generic";
				VERSION_INFO_PREFIX = "";
			};
			name = Release;
		};
		C9E7F2961B567DF5001AB061 /* Debug */ = {
			isa = XCBuildConfiguration;
			buildSettings = {
				CLANG_ENABLE_MODULES = YES;
				DEFINES_MODULE = YES;
				DYLIB_COMPATIBILITY_VERSION = 1;
				DYLIB_CURRENT_VERSION = 1;
				DYLIB_INSTALL_NAME_BASE = "@rpath";
				INFOPLIST_FILE = SignalKit/Info.plist;
				INSTALL_PATH = "$(LOCAL_LIBRARY_DIR)/Frameworks";
				LD_RUNPATH_SEARCH_PATHS = "$(inherited) @executable_path/Frameworks @loader_path/Frameworks";
				PRODUCT_NAME = "$(TARGET_NAME)";
				SKIP_INSTALL = YES;
				SWIFT_OPTIMIZATION_LEVEL = "-Onone";
			};
			name = Debug;
		};
		C9E7F2971B567DF5001AB061 /* Release */ = {
			isa = XCBuildConfiguration;
			buildSettings = {
				CLANG_ENABLE_MODULES = YES;
				DEFINES_MODULE = YES;
				DYLIB_COMPATIBILITY_VERSION = 1;
				DYLIB_CURRENT_VERSION = 1;
				DYLIB_INSTALL_NAME_BASE = "@rpath";
				INFOPLIST_FILE = SignalKit/Info.plist;
				INSTALL_PATH = "$(LOCAL_LIBRARY_DIR)/Frameworks";
				LD_RUNPATH_SEARCH_PATHS = "$(inherited) @executable_path/Frameworks @loader_path/Frameworks";
				PRODUCT_NAME = "$(TARGET_NAME)";
				SKIP_INSTALL = YES;
			};
			name = Release;
		};
		C9E7F2991B567DF5001AB061 /* Debug */ = {
			isa = XCBuildConfiguration;
			buildSettings = {
				CLANG_ENABLE_MODULES = YES;
				FRAMEWORK_SEARCH_PATHS = (
					"$(SDKROOT)/Developer/Library/Frameworks",
					"$(inherited)",
				);
				GCC_PREPROCESSOR_DEFINITIONS = (
					"DEBUG=1",
					"$(inherited)",
				);
				INFOPLIST_FILE = SignalKitTests/Info.plist;
				LD_RUNPATH_SEARCH_PATHS = "$(inherited) @executable_path/Frameworks @loader_path/Frameworks";
				PRODUCT_NAME = "$(TARGET_NAME)";
				SWIFT_OBJC_BRIDGING_HEADER = "SignalKitTests/SignalKitTests-Bridging-Header.h";
				SWIFT_OPTIMIZATION_LEVEL = "-Onone";
			};
			name = Debug;
		};
		C9E7F29A1B567DF5001AB061 /* Release */ = {
			isa = XCBuildConfiguration;
			buildSettings = {
				CLANG_ENABLE_MODULES = YES;
				FRAMEWORK_SEARCH_PATHS = (
					"$(SDKROOT)/Developer/Library/Frameworks",
					"$(inherited)",
				);
				INFOPLIST_FILE = SignalKitTests/Info.plist;
				LD_RUNPATH_SEARCH_PATHS = "$(inherited) @executable_path/Frameworks @loader_path/Frameworks";
				PRODUCT_NAME = "$(TARGET_NAME)";
				SWIFT_OBJC_BRIDGING_HEADER = "SignalKitTests/SignalKitTests-Bridging-Header.h";
			};
			name = Release;
		};
/* End XCBuildConfiguration section */

/* Begin XCConfigurationList section */
		C9E7F2791B567DF5001AB061 /* Build configuration list for PBXProject "SignalKit" */ = {
			isa = XCConfigurationList;
			buildConfigurations = (
				C9E7F2931B567DF5001AB061 /* Debug */,
				C9E7F2941B567DF5001AB061 /* Release */,
			);
			defaultConfigurationIsVisible = 0;
			defaultConfigurationName = Release;
		};
		C9E7F2951B567DF5001AB061 /* Build configuration list for PBXNativeTarget "SignalKit" */ = {
			isa = XCConfigurationList;
			buildConfigurations = (
				C9E7F2961B567DF5001AB061 /* Debug */,
				C9E7F2971B567DF5001AB061 /* Release */,
			);
			defaultConfigurationIsVisible = 0;
		};
		C9E7F2981B567DF5001AB061 /* Build configuration list for PBXNativeTarget "SignalKitTests" */ = {
			isa = XCConfigurationList;
			buildConfigurations = (
				C9E7F2991B567DF5001AB061 /* Debug */,
				C9E7F29A1B567DF5001AB061 /* Release */,
			);
			defaultConfigurationIsVisible = 0;
		};
/* End XCConfigurationList section */
	};
	rootObject = C9E7F2761B567DF5001AB061 /* Project object */;
}
